
Microsoft Visual Studio Solution File, Format Version 12.00
# Visual Studio Version 17
VisualStudioVersion = 17.7.34221.43
MinimumVisualStudioVersion = 10.0.40219.1
Project("{FAE04EC0-301F-11D3-BF4B-00C04F79EFBC}") = "DataLoggerWS", "DataLoggerWS\DataLoggerWS.csproj", "{AE99DA55-BE01-40BB-BCBC-E6E68C946910}"
EndProject
Project("{FAE04EC0-301F-11D3-BF4B-00C04F79EFBC}") = "DataLoggerTest", "DataLoggerTest\DataLoggerTest.csproj", "{10F6E120-778D-4AF3-8F2B-1F7B91528876}"
EndProject
Project("{2150E333-8FDC-42A3-9474-1A3956D46DE8}") = "Solution Items", "Solution Items", "{D311B123-70B3-49AD-B8CC-51F7E3BAFCFB}"
	ProjectSection(SolutionItems) = preProject
		ReadMe.md = ReadMe.md
	EndProjectSection
EndProject
Global
	GlobalSection(SolutionConfigurationPlatforms) = preSolution
		Debug|Any CPU = Debug|Any CPU
		Release|Any CPU = Release|Any CPU
	EndGlobalSection
	GlobalSection(ProjectConfigurationPlatforms) = postSolution
		{AE99DA55-BE01-40BB-BCBC-E6E68C946910}.Debug|Any CPU.ActiveCfg = Debug|Any CPU
		{AE99DA55-BE01-40BB-BCBC-E6E68C946910}.Debug|Any CPU.Build.0 = Debug|Any CPU
		{AE99DA55-BE01-40BB-BCBC-E6E68C946910}.Release|Any CPU.ActiveCfg = Release|Any CPU
		{AE99DA55-BE01-40BB-BCBC-E6E68C946910}.Release|Any CPU.Build.0 = Release|Any CPU
		{10F6E120-778D-4AF3-8F2B-1F7B91528876}.Debug|Any CPU.ActiveCfg = Debug|Any CPU
		{10F6E120-778D-4AF3-8F2B-1F7B91528876}.Debug|Any CPU.Build.0 = Debug|Any CPU
		{10F6E120-778D-4AF3-8F2B-1F7B91528876}.Release|Any CPU.ActiveCfg = Release|Any CPU
		{10F6E120-778D-4AF3-8F2B-1F7B91528876}.Release|Any CPU.Build.0 = Release|Any CPU
	EndGlobalSection
	GlobalSection(SolutionProperties) = preSolution
		HideSolutionNode = FALSE
	EndGlobalSection
	GlobalSection(ExtensibilityGlobals) = postSolution
		SolutionGuid = {583828A6-2125-484F-ADD3-7FDDFAA754A4}
	EndGlobalSection
EndGlobal
